
Microsoft Visual Studio Solution File, Format Version 12.00
# Visual Studio 2015
Project("{FAE04EC0-301F-11D3-BF4B-00C04F79EFBC}") = "SingedFeathers", "Assembly-CSharp.csproj", "{B1515F56-30CC-439E-8DE0-3AEEFBE1F9A4}"
EndProject
Project("{FAE04EC0-301F-11D3-BF4B-00C04F79EFBC}") = "SingedFeathers.Editor", "Assembly-CSharp-Editor.csproj", "{5DFA1845-26EF-BE00-BF0F-584BDDBB9E53}"
EndProject
Global
	GlobalSection(SolutionConfigurationPlatforms) = preSolution
		Debug|Any CPU = Debug|Any CPU
		Release|Any CPU = Release|Any CPU
	EndGlobalSection
	GlobalSection(ProjectConfigurationPlatforms) = postSolution
		{B1515F56-30CC-439E-8DE0-3AEEFBE1F9A4}.Debug|Any CPU.ActiveCfg = Debug|Any CPU
		{B1515F56-30CC-439E-8DE0-3AEEFBE1F9A4}.Debug|Any CPU.Build.0 = Debug|Any CPU
		{B1515F56-30CC-439E-8DE0-3AEEFBE1F9A4}.Release|Any CPU.ActiveCfg = Release|Any CPU
		{B1515F56-30CC-439E-8DE0-3AEEFBE1F9A4}.Release|Any CPU.Build.0 = Release|Any CPU
		{5DFA1845-26EF-BE00-BF0F-584BDDBB9E53}.Debug|Any CPU.ActiveCfg = Debug|Any CPU
		{5DFA1845-26EF-BE00-BF0F-584BDDBB9E53}.Debug|Any CPU.Build.0 = Debug|Any CPU
		{5DFA1845-26EF-BE00-BF0F-584BDDBB9E53}.Release|Any CPU.ActiveCfg = Release|Any CPU
		{5DFA1845-26EF-BE00-BF0F-584BDDBB9E53}.Release|Any CPU.Build.0 = Release|Any CPU
	EndGlobalSection
	GlobalSection(SolutionProperties) = preSolution
		HideSolutionNode = FALSE
	EndGlobalSection
		GlobalSection(MonoDevelopProperties) = preSolution
 		StartupItem = Assembly-CSharp.csproj
 	EndGlobalSection
EndGlobal
